
Microsoft Visual Studio Solution File, Format Version 12.00
# Visual Studio Version 16
VisualStudioVersion = 16.0.29920.165
MinimumVisualStudioVersion = 10.0.40219.1
Project("{FAE04EC0-301F-11D3-BF4B-00C04F79EFBC}") = "SQLiteAgenda.Android", "SQLiteAgenda.Android\SQLiteAgenda.Android.csproj", "{96E8570B-EBE4-44FA-8EBB-AB8B77CACE7F}"
EndProject
Project("{FAE04EC0-301F-11D3-BF4B-00C04F79EFBC}") = "SQLiteAgenda", "SQLiteAgenda\SQLiteAgenda.csproj", "{6A5C30FF-788E-4175-8E10-3EFBC29667D0}"
EndProject
Global
	GlobalSection(SolutionConfigurationPlatforms) = preSolution
		Debug|Any CPU = Debug|Any CPU
		Release|Any CPU = Release|Any CPU
	EndGlobalSection
	GlobalSection(ProjectConfigurationPlatforms) = postSolution
		{96E8570B-EBE4-44FA-8EBB-AB8B77CACE7F}.Debug|Any CPU.ActiveCfg = Debug|Any CPU
		{96E8570B-EBE4-44FA-8EBB-AB8B77CACE7F}.Debug|Any CPU.Build.0 = Debug|Any CPU
		{96E8570B-EBE4-44FA-8EBB-AB8B77CACE7F}.Debug|Any CPU.Deploy.0 = Debug|Any CPU
		{96E8570B-EBE4-44FA-8EBB-AB8B77CACE7F}.Release|Any CPU.ActiveCfg = Release|Any CPU
		{96E8570B-EBE4-44FA-8EBB-AB8B77CACE7F}.Release|Any CPU.Build.0 = Release|Any CPU
		{96E8570B-EBE4-44FA-8EBB-AB8B77CACE7F}.Release|Any CPU.Deploy.0 = Release|Any CPU
		{6A5C30FF-788E-4175-8E10-3EFBC29667D0}.Debug|Any CPU.ActiveCfg = Debug|Any CPU
		{6A5C30FF-788E-4175-8E10-3EFBC29667D0}.Debug|Any CPU.Build.0 = Debug|Any CPU
		{6A5C30FF-788E-4175-8E10-3EFBC29667D0}.Debug|Any CPU.Deploy.0 = Debug|Any CPU
		{6A5C30FF-788E-4175-8E10-3EFBC29667D0}.Release|Any CPU.ActiveCfg = Release|Any CPU
		{6A5C30FF-788E-4175-8E10-3EFBC29667D0}.Release|Any CPU.Build.0 = Release|Any CPU
		{6A5C30FF-788E-4175-8E10-3EFBC29667D0}.Release|Any CPU.Deploy.0 = Release|Any CPU
	EndGlobalSection
	GlobalSection(SolutionProperties) = preSolution
		HideSolutionNode = FALSE
	EndGlobalSection
	GlobalSection(ExtensibilityGlobals) = postSolution
		SolutionGuid = {7B5B0DE6-54D0-47FD-AF5F-98D717AD3140}
	EndGlobalSection
EndGlobal
